
Microsoft Visual Studio Solution File, Format Version 12.00
# Visual Studio 14
VisualStudioVersion = 14.0.25420.1
MinimumVisualStudioVersion = 10.0.40219.1
Project("{FAE04EC0-301F-11D3-BF4B-00C04F79EFBC}") = "OnlineLibrary.WEB", "OnlineLibrary\OnlineLibrary.WEB.csproj", "{419435E5-E9CC-4703-88BF-8CFBE2F7C9E0}"
EndProject
Project("{FAE04EC0-301F-11D3-BF4B-00C04F79EFBC}") = "OnlineLibrary.DAL", "OnlineLibrary.DAL\OnlineLibrary.DAL.csproj", "{746091D7-BF45-4CFE-AFE1-CB74A4727F30}"
EndProject
Project("{FAE04EC0-301F-11D3-BF4B-00C04F79EFBC}") = "OnlineLibrary.BLL", "OnlineLibrary.BLL\OnlineLibrary.BLL.csproj", "{6158122B-9AA4-447E-A683-7602ED8828EB}"
EndProject
Global
	GlobalSection(SolutionConfigurationPlatforms) = preSolution
		Debug|Any CPU = Debug|Any CPU
		Release|Any CPU = Release|Any CPU
	EndGlobalSection
	GlobalSection(ProjectConfigurationPlatforms) = postSolution
		{419435E5-E9CC-4703-88BF-8CFBE2F7C9E0}.Debug|Any CPU.ActiveCfg = Debug|Any CPU
		{419435E5-E9CC-4703-88BF-8CFBE2F7C9E0}.Debug|Any CPU.Build.0 = Debug|Any CPU
		{419435E5-E9CC-4703-88BF-8CFBE2F7C9E0}.Release|Any CPU.ActiveCfg = Release|Any CPU
		{419435E5-E9CC-4703-88BF-8CFBE2F7C9E0}.Release|Any CPU.Build.0 = Release|Any CPU
		{746091D7-BF45-4CFE-AFE1-CB74A4727F30}.Debug|Any CPU.ActiveCfg = Debug|Any CPU
		{746091D7-BF45-4CFE-AFE1-CB74A4727F30}.Debug|Any CPU.Build.0 = Debug|Any CPU
		{746091D7-BF45-4CFE-AFE1-CB74A4727F30}.Release|Any CPU.ActiveCfg = Release|Any CPU
		{746091D7-BF45-4CFE-AFE1-CB74A4727F30}.Release|Any CPU.Build.0 = Release|Any CPU
		{6158122B-9AA4-447E-A683-7602ED8828EB}.Debug|Any CPU.ActiveCfg = Debug|Any CPU
		{6158122B-9AA4-447E-A683-7602ED8828EB}.Debug|Any CPU.Build.0 = Debug|Any CPU
		{6158122B-9AA4-447E-A683-7602ED8828EB}.Release|Any CPU.ActiveCfg = Release|Any CPU
		{6158122B-9AA4-447E-A683-7602ED8828EB}.Release|Any CPU.Build.0 = Release|Any CPU
	EndGlobalSection
	GlobalSection(SolutionProperties) = preSolution
		HideSolutionNode = FALSE
	EndGlobalSection
EndGlobal
